
Microsoft Visual Studio Solution File, Format Version 12.00
# Visual Studio Version 17
VisualStudioVersion = 17.7.33711.374
MinimumVisualStudioVersion = 10.0.40219.1
Project("{FAE04EC0-301F-11D3-BF4B-00C04F79EFBC}") = "AlternateUI", "AlternateUI.csproj", "{8ED39FCC-7AA0-4854-B1A5-B97D97F8E4D4}"
EndProject
Project("{FAE04EC0-301F-11D3-BF4B-00C04F79EFBC}") = "Tests", "Tests\Tests.csproj", "{C5B9C50C-98C4-4A22-A072-45F8EC7B953F}"
EndProject
Global
	GlobalSection(SolutionConfigurationPlatforms) = preSolution
		Debug|Any CPU = Debug|Any CPU
		Release|Any CPU = Release|Any CPU
	EndGlobalSection
	GlobalSection(ProjectConfigurationPlatforms) = postSolution
		{8ED39FCC-7AA0-4854-B1A5-B97D97F8E4D4}.Debug|Any CPU.ActiveCfg = Debug|Any CPU
		{8ED39FCC-7AA0-4854-B1A5-B97D97F8E4D4}.Debug|Any CPU.Build.0 = Debug|Any CPU
		{8ED39FCC-7AA0-4854-B1A5-B97D97F8E4D4}.Release|Any CPU.ActiveCfg = Release|Any CPU
		{8ED39FCC-7AA0-4854-B1A5-B97D97F8E4D4}.Release|Any CPU.Build.0 = Release|Any CPU
		{C5B9C50C-98C4-4A22-A072-45F8EC7B953F}.Debug|Any CPU.ActiveCfg = Debug|Any CPU
		{C5B9C50C-98C4-4A22-A072-45F8EC7B953F}.Debug|Any CPU.Build.0 = Debug|Any CPU
		{C5B9C50C-98C4-4A22-A072-45F8EC7B953F}.Release|Any CPU.ActiveCfg = Release|Any CPU
		{C5B9C50C-98C4-4A22-A072-45F8EC7B953F}.Release|Any CPU.Build.0 = Release|Any CPU
	EndGlobalSection
	GlobalSection(SolutionProperties) = preSolution
		HideSolutionNode = FALSE
	EndGlobalSection
	GlobalSection(ExtensibilityGlobals) = postSolution
		SolutionGuid = {0466172B-3A77-4740-8982-89554B9B0A39}
	EndGlobalSection
EndGlobal
